
Microsoft Visual Studio Solution File, Format Version 12.00
# Visual Studio Version 16
VisualStudioVersion = 16.0.31005.135
MinimumVisualStudioVersion = 10.0.40219.1
Project("{FAE04EC0-301F-11D3-BF4B-00C04F79EFBC}") = "up_12", "up_12\up_12.csproj", "{18867A15-A198-429D-9C12-76E140C28557}"
EndProject
Global
	GlobalSection(SolutionConfigurationPlatforms) = preSolution
		Debug|Any CPU = Debug|Any CPU
		Release|Any CPU = Release|Any CPU
	EndGlobalSection
	GlobalSection(ProjectConfigurationPlatforms) = postSolution
		{18867A15-A198-429D-9C12-76E140C28557}.Debug|Any CPU.ActiveCfg = Debug|Any CPU
		{18867A15-A198-429D-9C12-76E140C28557}.Debug|Any CPU.Build.0 = Debug|Any CPU
		{18867A15-A198-429D-9C12-76E140C28557}.Release|Any CPU.ActiveCfg = Release|Any CPU
		{18867A15-A198-429D-9C12-76E140C28557}.Release|Any CPU.Build.0 = Release|Any CPU
	EndGlobalSection
	GlobalSection(SolutionProperties) = preSolution
		HideSolutionNode = FALSE
	EndGlobalSection
	GlobalSection(ExtensibilityGlobals) = postSolution
		SolutionGuid = {D238CB6E-C1EB-42E9-A61E-44BBA3CE8055}
	EndGlobalSection
EndGlobal
